
Microsoft Visual Studio Solution File, Format Version 12.00
# Visual Studio 14
VisualStudioVersion = 14.0.25420.1
MinimumVisualStudioVersion = 10.0.40219.1
Project("{FAE04EC0-301F-11D3-BF4B-00C04F79EFBC}") = "GardenBeds", "GardenBeds\GardenBeds\GardenBeds.csproj", "{EA9B85F8-2097-4EC8-8135-141FA8AA7DCF}"
EndProject
Project("{FAE04EC0-301F-11D3-BF4B-00C04F79EFBC}") = "GardenBeds.Droid", "GardenBeds\GardenBeds.Droid\GardenBeds.Droid.csproj", "{74943576-FF50-4F14-B489-409C8A1E23A5}"
EndProject
Project("{FAE04EC0-301F-11D3-BF4B-00C04F79EFBC}") = "GardenBeds.iOS", "GardenBeds\GardenBeds.iOS\GardenBeds.iOS.csproj", "{35E1FC95-FE27-446D-824A-095D23F07898}"
EndProject
Project("{FAE04EC0-301F-11D3-BF4B-00C04F79EFBC}") = "GardenBeds.UWP", "GardenBeds\GardenBeds.UWP\GardenBeds.UWP.csproj", "{CE449BA4-E844-4473-A891-43BBDBBA55BC}"
EndProject
Project("{2150E333-8FDC-42A3-9474-1A3956D46DE8}") = "Test", "Test", "{F9A82A0E-18B4-47CC-B3D7-20690F26C979}"
EndProject
Project("{FAE04EC0-301F-11D3-BF4B-00C04F79EFBC}") = "UnitTest.Portable", "Test\UnitTest.Portable\UnitTest.Portable.csproj", "{E8231141-4775-44C2-90DD-A473E07DBD3A}"
EndProject
Global
	GlobalSection(SolutionConfigurationPlatforms) = preSolution
		Ad-Hoc|Any CPU = Ad-Hoc|Any CPU
		Ad-Hoc|ARM = Ad-Hoc|ARM
		Ad-Hoc|iPhone = Ad-Hoc|iPhone
		Ad-Hoc|iPhoneSimulator = Ad-Hoc|iPhoneSimulator
		Ad-Hoc|x64 = Ad-Hoc|x64
		Ad-Hoc|x86 = Ad-Hoc|x86
		AppStore|Any CPU = AppStore|Any CPU
		AppStore|ARM = AppStore|ARM
		AppStore|iPhone = AppStore|iPhone
		AppStore|iPhoneSimulator = AppStore|iPhoneSimulator
		AppStore|x64 = AppStore|x64
		AppStore|x86 = AppStore|x86
		Debug|Any CPU = Debug|Any CPU
		Debug|ARM = Debug|ARM
		Debug|iPhone = Debug|iPhone
		Debug|iPhoneSimulator = Debug|iPhoneSimulator
		Debug|x64 = Debug|x64
		Debug|x86 = Debug|x86
		Release|Any CPU = Release|Any CPU
		Release|ARM = Release|ARM
		Release|iPhone = Release|iPhone
		Release|iPhoneSimulator = Release|iPhoneSimulator
		Release|x64 = Release|x64
		Release|x86 = Release|x86
	EndGlobalSection
	GlobalSection(ProjectConfigurationPlatforms) = postSolution
		{EA9B85F8-2097-4EC8-8135-141FA8AA7DCF}.Ad-Hoc|Any CPU.ActiveCfg = Release|Any CPU
		{EA9B85F8-2097-4EC8-8135-141FA8AA7DCF}.Ad-Hoc|Any CPU.Build.0 = Release|Any CPU
		{EA9B85F8-2097-4EC8-8135-141FA8AA7DCF}.Ad-Hoc|ARM.ActiveCfg = Release|Any CPU
		{EA9B85F8-2097-4EC8-8135-141FA8AA7DCF}.Ad-Hoc|ARM.Build.0 = Release|Any CPU
		{EA9B85F8-2097-4EC8-8135-141FA8AA7DCF}.Ad-Hoc|iPhone.ActiveCfg = Release|Any CPU
		{EA9B85F8-2097-4EC8-8135-141FA8AA7DCF}.Ad-Hoc|iPhone.Build.0 = Release|Any CPU
		{EA9B85F8-2097-4EC8-8135-141FA8AA7DCF}.Ad-Hoc|iPhoneSimulator.ActiveCfg = Release|Any CPU
		{EA9B85F8-2097-4EC8-8135-141FA8AA7DCF}.Ad-Hoc|iPhoneSimulator.Build.0 = Release|Any CPU
		{EA9B85F8-2097-4EC8-8135-141FA8AA7DCF}.Ad-Hoc|x64.ActiveCfg = Release|Any CPU
		{EA9B85F8-2097-4EC8-8135-141FA8AA7DCF}.Ad-Hoc|x64.Build.0 = Release|Any CPU
		{EA9B85F8-2097-4EC8-8135-141FA8AA7DCF}.Ad-Hoc|x86.ActiveCfg = Release|Any CPU
		{EA9B85F8-2097-4EC8-8135-141FA8AA7DCF}.Ad-Hoc|x86.Build.0 = Release|Any CPU
		{EA9B85F8-2097-4EC8-8135-141FA8AA7DCF}.AppStore|Any CPU.ActiveCfg = Release|Any CPU
		{EA9B85F8-2097-4EC8-8135-141FA8AA7DCF}.AppStore|Any CPU.Build.0 = Release|Any CPU
		{EA9B85F8-2097-4EC8-8135-141FA8AA7DCF}.AppStore|ARM.ActiveCfg = Release|Any CPU
		{EA9B85F8-2097-4EC8-8135-141FA8AA7DCF}.AppStore|ARM.Build.0 = Release|Any CPU
		{EA9B85F8-2097-4EC8-8135-141FA8AA7DCF}.AppStore|iPhone.ActiveCfg = Release|Any CPU
		{EA9B85F8-2097-4EC8-8135-141FA8AA7DCF}.AppStore|iPhone.Build.0 = Release|Any CPU
		{EA9B85F8-2097-4EC8-8135-141FA8AA7DCF}.AppStore|iPhoneSimulator.ActiveCfg = Release|Any CPU
		{EA9B85F8-2097-4EC8-8135-141FA8AA7DCF}.AppStore|iPhoneSimulator.Build.0 = Release|Any CPU
		{EA9B85F8-2097-4EC8-8135-141FA8AA7DCF}.AppStore|x64.ActiveCfg = Release|Any CPU
		{EA9B85F8-2097-4EC8-8135-141FA8AA7DCF}.AppStore|x64.Build.0 = Release|Any CPU
		{EA9B85F8-2097-4EC8-8135-141FA8AA7DCF}.AppStore|x86.ActiveCfg = Release|Any CPU
		{EA9B85F8-2097-4EC8-8135-141FA8AA7DCF}.AppStore|x86.Build.0 = Release|Any CPU
		{EA9B85F8-2097-4EC8-8135-141FA8AA7DCF}.Debug|Any CPU.ActiveCfg = Debug|Any CPU
		{EA9B85F8-2097-4EC8-8135-141FA8AA7DCF}.Debug|Any CPU.Build.0 = Debug|Any CPU
		{EA9B85F8-2097-4EC8-8135-141FA8AA7DCF}.Debug|ARM.ActiveCfg = Debug|Any CPU
		{EA9B85F8-2097-4EC8-8135-141FA8AA7DCF}.Debug|ARM.Build.0 = Debug|Any CPU
		{EA9B85F8-2097-4EC8-8135-141FA8AA7DCF}.Debug|iPhone.ActiveCfg = Debug|Any CPU
		{EA9B85F8-2097-4EC8-8135-141FA8AA7DCF}.Debug|iPhone.Build.0 = Debug|Any CPU
		{EA9B85F8-2097-4EC8-8135-141FA8AA7DCF}.Debug|iPhoneSimulator.ActiveCfg = Debug|Any CPU
		{EA9B85F8-2097-4EC8-8135-141FA8AA7DCF}.Debug|iPhoneSimulator.Build.0 = Debug|Any CPU
		{EA9B85F8-2097-4EC8-8135-141FA8AA7DCF}.Debug|x64.ActiveCfg = Debug|Any CPU
		{EA9B85F8-2097-4EC8-8135-141FA8AA7DCF}.Debug|x64.Build.0 = Debug|Any CPU
		{EA9B85F8-2097-4EC8-8135-141FA8AA7DCF}.Debug|x86.ActiveCfg = Debug|Any CPU
		{EA9B85F8-2097-4EC8-8135-141FA8AA7DCF}.Debug|x86.Build.0 = Debug|Any CPU
		{EA9B85F8-2097-4EC8-8135-141FA8AA7DCF}.Release|Any CPU.ActiveCfg = Release|Any CPU
		{EA9B85F8-2097-4EC8-8135-141FA8AA7DCF}.Release|Any CPU.Build.0 = Release|Any CPU
		{EA9B85F8-2097-4EC8-8135-141FA8AA7DCF}.Release|ARM.ActiveCfg = Release|Any CPU
		{EA9B85F8-2097-4EC8-8135-141FA8AA7DCF}.Release|ARM.Build.0 = Release|Any CPU
		{EA9B85F8-2097-4EC8-8135-141FA8AA7DCF}.Release|iPhone.ActiveCfg = Release|Any CPU
		{EA9B85F8-2097-4EC8-8135-141FA8AA7DCF}.Release|iPhone.Build.0 = Release|Any CPU
		{EA9B85F8-2097-4EC8-8135-141FA8AA7DCF}.Release|iPhoneSimulator.ActiveCfg = Release|Any CPU
		{EA9B85F8-2097-4EC8-8135-141FA8AA7DCF}.Release|iPhoneSimulator.Build.0 = Release|Any CPU
		{EA9B85F8-2097-4EC8-8135-141FA8AA7DCF}.Release|x64.ActiveCfg = Release|Any CPU
		{EA9B85F8-2097-4EC8-8135-141FA8AA7DCF}.Release|x64.Build.0 = Release|Any CPU
		{EA9B85F8-2097-4EC8-8135-141FA8AA7DCF}.Release|x86.ActiveCfg = Release|Any CPU
		{EA9B85F8-2097-4EC8-8135-141FA8AA7DCF}.Release|x86.Build.0 = Release|Any CPU
		{74943576-FF50-4F14-B489-409C8A1E23A5}.Ad-Hoc|Any CPU.ActiveCfg = Release|Any CPU
		{74943576-FF50-4F14-B489-409C8A1E23A5}.Ad-Hoc|Any CPU.Build.0 = Release|Any CPU
		{74943576-FF50-4F14-B489-409C8A1E23A5}.Ad-Hoc|Any CPU.Deploy.0 = Release|Any CPU
		{74943576-FF50-4F14-B489-409C8A1E23A5}.Ad-Hoc|ARM.ActiveCfg = Release|Any CPU
		{74943576-FF50-4F14-B489-409C8A1E23A5}.Ad-Hoc|ARM.Build.0 = Release|Any CPU
		{74943576-FF50-4F14-B489-409C8A1E23A5}.Ad-Hoc|ARM.Deploy.0 = Release|Any CPU
		{74943576-FF50-4F14-B489-409C8A1E23A5}.Ad-Hoc|iPhone.ActiveCfg = Release|Any CPU
		{74943576-FF50-4F14-B489-409C8A1E23A5}.Ad-Hoc|iPhone.Build.0 = Release|Any CPU
		{74943576-FF50-4F14-B489-409C8A1E23A5}.Ad-Hoc|iPhone.Deploy.0 = Release|Any CPU
		{74943576-FF50-4F14-B489-409C8A1E23A5}.Ad-Hoc|iPhoneSimulator.ActiveCfg = Release|Any CPU
		{74943576-FF50-4F14-B489-409C8A1E23A5}.Ad-Hoc|iPhoneSimulator.Build.0 = Release|Any CPU
		{74943576-FF50-4F14-B489-409C8A1E23A5}.Ad-Hoc|iPhoneSimulator.Deploy.0 = Release|Any CPU
		{74943576-FF50-4F14-B489-409C8A1E23A5}.Ad-Hoc|x64.ActiveCfg = Release|Any CPU
		{74943576-FF50-4F14-B489-409C8A1E23A5}.Ad-Hoc|x64.Build.0 = Release|Any CPU
		{74943576-FF50-4F14-B489-409C8A1E23A5}.Ad-Hoc|x64.Deploy.0 = Release|Any CPU
		{74943576-FF50-4F14-B489-409C8A1E23A5}.Ad-Hoc|x86.ActiveCfg = Release|Any CPU
		{74943576-FF50-4F14-B489-409C8A1E23A5}.Ad-Hoc|x86.Build.0 = Release|Any CPU
		{74943576-FF50-4F14-B489-409C8A1E23A5}.Ad-Hoc|x86.Deploy.0 = Release|Any CPU
		{74943576-FF50-4F14-B489-409C8A1E23A5}.AppStore|Any CPU.ActiveCfg = Release|Any CPU
		{74943576-FF50-4F14-B489-409C8A1E23A5}.AppStore|Any CPU.Build.0 = Release|Any CPU
		{74943576-FF50-4F14-B489-409C8A1E23A5}.AppStore|Any CPU.Deploy.0 = Release|Any CPU
		{74943576-FF50-4F14-B489-409C8A1E23A5}.AppStore|ARM.ActiveCfg = Release|Any CPU
		{74943576-FF50-4F14-B489-409C8A1E23A5}.AppStore|ARM.Build.0 = Release|Any CPU
		{74943576-FF50-4F14-B489-409C8A1E23A5}.AppStore|ARM.Deploy.0 = Release|Any CPU
		{74943576-FF50-4F14-B489-409C8A1E23A5}.AppStore|iPhone.ActiveCfg = Release|Any CPU
		{74943576-FF50-4F14-B489-409C8A1E23A5}.AppStore|iPhone.Build.0 = Release|Any CPU
		{74943576-FF50-4F14-B489-409C8A1E23A5}.AppStore|iPhone.Deploy.0 = Release|Any CPU
		{74943576-FF50-4F14-B489-409C8A1E23A5}.AppStore|iPhoneSimulator.ActiveCfg = Release|Any CPU
		{74943576-FF50-4F14-B489-409C8A1E23A5}.AppStore|iPhoneSimulator.Build.0 = Release|Any CPU
		{74943576-FF50-4F14-B489-409C8A1E23A5}.AppStore|iPhoneSimulator.Deploy.0 = Release|Any CPU
		{74943576-FF50-4F14-B489-409C8A1E23A5}.AppStore|x64.ActiveCfg = Release|Any CPU
		{74943576-FF50-4F14-B489-409C8A1E23A5}.AppStore|x64.Build.0 = Release|Any CPU
		{74943576-FF50-4F14-B489-409C8A1E23A5}.AppStore|x64.Deploy.0 = Release|Any CPU
		{74943576-FF50-4F14-B489-409C8A1E23A5}.AppStore|x86.ActiveCfg = Release|Any CPU
		{74943576-FF50-4F14-B489-409C8A1E23A5}.AppStore|x86.Build.0 = Release|Any CPU
		{74943576-FF50-4F14-B489-409C8A1E23A5}.AppStore|x86.Deploy.0 = Release|Any CPU
		{74943576-FF50-4F14-B489-409C8A1E23A5}.Debug|Any CPU.ActiveCfg = Debug|Any CPU
		{74943576-FF50-4F14-B489-409C8A1E23A5}.Debug|Any CPU.Build.0 = Debug|Any CPU
		{74943576-FF50-4F14-B489-409C8A1E23A5}.Debug|Any CPU.Deploy.0 = Debug|Any CPU
		{74943576-FF50-4F14-B489-409C8A1E23A5}.Debug|ARM.ActiveCfg = Debug|Any CPU
		{74943576-FF50-4F14-B489-409C8A1E23A5}.Debug|ARM.Build.0 = Debug|Any CPU
		{74943576-FF50-4F14-B489-409C8A1E23A5}.Debug|ARM.Deploy.0 = Debug|Any CPU
		{74943576-FF50-4F14-B489-409C8A1E23A5}.Debug|iPhone.ActiveCfg = Debug|Any CPU
		{74943576-FF50-4F14-B489-409C8A1E23A5}.Debug|iPhone.Build.0 = Debug|Any CPU
		{74943576-FF50-4F14-B489-409C8A1E23A5}.Debug|iPhone.Deploy.0 = Debug|Any CPU
		{74943576-FF50-4F14-B489-409C8A1E23A5}.Debug|iPhoneSimulator.ActiveCfg = Debug|Any CPU
		{74943576-FF50-4F14-B489-409C8A1E23A5}.Debug|iPhoneSimulator.Build.0 = Debug|Any CPU
		{74943576-FF50-4F14-B489-409C8A1E23A5}.Debug|iPhoneSimulator.Deploy.0 = Debug|Any CPU
		{74943576-FF50-4F14-B489-409C8A1E23A5}.Debug|x64.ActiveCfg = Debug|Any CPU
		{74943576-FF50-4F14-B489-409C8A1E23A5}.Debug|x64.Build.0 = Debug|Any CPU
		{74943576-FF50-4F14-B489-409C8A1E23A5}.Debug|x64.Deploy.0 = Debug|Any CPU
		{74943576-FF50-4F14-B489-409C8A1E23A5}.Debug|x86.ActiveCfg = Debug|Any CPU
		{74943576-FF50-4F14-B489-409C8A1E23A5}.Debug|x86.Build.0 = Debug|Any CPU
		{74943576-FF50-4F14-B489-409C8A1E23A5}.Debug|x86.Deploy.0 = Debug|Any CPU
		{74943576-FF50-4F14-B489-409C8A1E23A5}.Release|Any CPU.ActiveCfg = Release|Any CPU
		{74943576-FF50-4F14-B489-409C8A1E23A5}.Release|Any CPU.Build.0 = Release|Any CPU
		{74943576-FF50-4F14-B489-409C8A1E23A5}.Release|Any CPU.Deploy.0 = Release|Any CPU
		{74943576-FF50-4F14-B489-409C8A1E23A5}.Release|ARM.ActiveCfg = Release|Any CPU
		{74943576-FF50-4F14-B489-409C8A1E23A5}.Release|ARM.Build.0 = Release|Any CPU
		{74943576-FF50-4F14-B489-409C8A1E23A5}.Release|ARM.Deploy.0 = Release|Any CPU
		{74943576-FF50-4F14-B489-409C8A1E23A5}.Release|iPhone.ActiveCfg = Release|Any CPU
		{74943576-FF50-4F14-B489-409C8A1E23A5}.Release|iPhone.Build.0 = Release|Any CPU
		{74943576-FF50-4F14-B489-409C8A1E23A5}.Release|iPhone.Deploy.0 = Release|Any CPU
		{74943576-FF50-4F14-B489-409C8A1E23A5}.Release|iPhoneSimulator.ActiveCfg = Release|Any CPU
		{74943576-FF50-4F14-B489-409C8A1E23A5}.Release|iPhoneSimulator.Build.0 = Release|Any CPU
		{74943576-FF50-4F14-B489-409C8A1E23A5}.Release|iPhoneSimulator.Deploy.0 = Release|Any CPU
		{74943576-FF50-4F14-B489-409C8A1E23A5}.Release|x64.ActiveCfg = Release|Any CPU
		{74943576-FF50-4F14-B489-409C8A1E23A5}.Release|x64.Build.0 = Release|Any CPU
		{74943576-FF50-4F14-B489-409C8A1E23A5}.Release|x64.Deploy.0 = Release|Any CPU
		{74943576-FF50-4F14-B489-409C8A1E23A5}.Release|x86.ActiveCfg = Release|Any CPU
		{74943576-FF50-4F14-B489-409C8A1E23A5}.Release|x86.Build.0 = Release|Any CPU
		{74943576-FF50-4F14-B489-409C8A1E23A5}.Release|x86.Deploy.0 = Release|Any CPU
		{35E1FC95-FE27-446D-824A-095D23F07898}.Ad-Hoc|Any CPU.ActiveCfg = Ad-Hoc|iPhone
		{35E1FC95-FE27-446D-824A-095D23F07898}.Ad-Hoc|ARM.ActiveCfg = Ad-Hoc|iPhone
		{35E1FC95-FE27-446D-824A-095D23F07898}.Ad-Hoc|iPhone.ActiveCfg = Ad-Hoc|iPhone
		{35E1FC95-FE27-446D-824A-095D23F07898}.Ad-Hoc|iPhone.Build.0 = Ad-Hoc|iPhone
		{35E1FC95-FE27-446D-824A-095D23F07898}.Ad-Hoc|iPhoneSimulator.ActiveCfg = Ad-Hoc|iPhoneSimulator
		{35E1FC95-FE27-446D-824A-095D23F07898}.Ad-Hoc|iPhoneSimulator.Build.0 = Ad-Hoc|iPhoneSimulator
		{35E1FC95-FE27-446D-824A-095D23F07898}.Ad-Hoc|x64.ActiveCfg = Ad-Hoc|iPhone
		{35E1FC95-FE27-446D-824A-095D23F07898}.Ad-Hoc|x86.ActiveCfg = Ad-Hoc|iPhone
		{35E1FC95-FE27-446D-824A-095D23F07898}.AppStore|Any CPU.ActiveCfg = AppStore|iPhone
		{35E1FC95-FE27-446D-824A-095D23F07898}.AppStore|ARM.ActiveCfg = AppStore|iPhone
		{35E1FC95-FE27-446D-824A-095D23F07898}.AppStore|iPhone.ActiveCfg = AppStore|iPhone
		{35E1FC95-FE27-446D-824A-095D23F07898}.AppStore|iPhone.Build.0 = AppStore|iPhone
		{35E1FC95-FE27-446D-824A-095D23F07898}.AppStore|iPhoneSimulator.ActiveCfg = AppStore|iPhoneSimulator
		{35E1FC95-FE27-446D-824A-095D23F07898}.AppStore|iPhoneSimulator.Build.0 = AppStore|iPhoneSimulator
		{35E1FC95-FE27-446D-824A-095D23F07898}.AppStore|x64.ActiveCfg = AppStore|iPhone
		{35E1FC95-FE27-446D-824A-095D23F07898}.AppStore|x86.ActiveCfg = AppStore|iPhone
		{35E1FC95-FE27-446D-824A-095D23F07898}.Debug|Any CPU.ActiveCfg = Debug|iPhone
		{35E1FC95-FE27-446D-824A-095D23F07898}.Debug|ARM.ActiveCfg = Debug|iPhone
		{35E1FC95-FE27-446D-824A-095D23F07898}.Debug|iPhone.ActiveCfg = Debug|iPhone
		{35E1FC95-FE27-446D-824A-095D23F07898}.Debug|iPhone.Build.0 = Debug|iPhone
		{35E1FC95-FE27-446D-824A-095D23F07898}.Debug|iPhoneSimulator.ActiveCfg = Debug|iPhoneSimulator
		{35E1FC95-FE27-446D-824A-095D23F07898}.Debug|iPhoneSimulator.Build.0 = Debug|iPhoneSimulator
		{35E1FC95-FE27-446D-824A-095D23F07898}.Debug|x64.ActiveCfg = Debug|iPhone
		{35E1FC95-FE27-446D-824A-095D23F07898}.Debug|x86.ActiveCfg = Debug|iPhone
		{35E1FC95-FE27-446D-824A-095D23F07898}.Release|Any CPU.ActiveCfg = Release|iPhone
		{35E1FC95-FE27-446D-824A-095D23F07898}.Release|ARM.ActiveCfg = Release|iPhone
		{35E1FC95-FE27-446D-824A-095D23F07898}.Release|iPhone.ActiveCfg = Release|iPhone
		{35E1FC95-FE27-446D-824A-095D23F07898}.Release|iPhone.Build.0 = Release|iPhone
		{35E1FC95-FE27-446D-824A-095D23F07898}.Release|iPhoneSimulator.ActiveCfg = Release|iPhoneSimulator
		{35E1FC95-FE27-446D-824A-095D23F07898}.Release|iPhoneSimulator.Build.0 = Release|iPhoneSimulator
		{35E1FC95-FE27-446D-824A-095D23F07898}.Release|x64.ActiveCfg = Release|iPhone
		{35E1FC95-FE27-446D-824A-095D23F07898}.Release|x86.ActiveCfg = Release|iPhone
		{CE449BA4-E844-4473-A891-43BBDBBA55BC}.Ad-Hoc|Any CPU.ActiveCfg = Release|x86
		{CE449BA4-E844-4473-A891-43BBDBBA55BC}.Ad-Hoc|Any CPU.Build.0 = Release|x86
		{CE449BA4-E844-4473-A891-43BBDBBA55BC}.Ad-Hoc|Any CPU.Deploy.0 = Release|x86
		{CE449BA4-E844-4473-A891-43BBDBBA55BC}.Ad-Hoc|ARM.ActiveCfg = Release|ARM
		{CE449BA4-E844-4473-A891-43BBDBBA55BC}.Ad-Hoc|ARM.Build.0 = Release|ARM
		{CE449BA4-E844-4473-A891-43BBDBBA55BC}.Ad-Hoc|ARM.Deploy.0 = Release|ARM
		{CE449BA4-E844-4473-A891-43BBDBBA55BC}.Ad-Hoc|iPhone.ActiveCfg = Release|x86
		{CE449BA4-E844-4473-A891-43BBDBBA55BC}.Ad-Hoc|iPhone.Build.0 = Release|x86
		{CE449BA4-E844-4473-A891-43BBDBBA55BC}.Ad-Hoc|iPhone.Deploy.0 = Release|x86
		{CE449BA4-E844-4473-A891-43BBDBBA55BC}.Ad-Hoc|iPhoneSimulator.ActiveCfg = Release|x86
		{CE449BA4-E844-4473-A891-43BBDBBA55BC}.Ad-Hoc|iPhoneSimulator.Build.0 = Release|x86
		{CE449BA4-E844-4473-A891-43BBDBBA55BC}.Ad-Hoc|iPhoneSimulator.Deploy.0 = Release|x86
		{CE449BA4-E844-4473-A891-43BBDBBA55BC}.Ad-Hoc|x64.ActiveCfg = Release|x64
		{CE449BA4-E844-4473-A891-43BBDBBA55BC}.Ad-Hoc|x64.Build.0 = Release|x64
		{CE449BA4-E844-4473-A891-43BBDBBA55BC}.Ad-Hoc|x64.Deploy.0 = Release|x64
		{CE449BA4-E844-4473-A891-43BBDBBA55BC}.Ad-Hoc|x86.ActiveCfg = Release|x86
		{CE449BA4-E844-4473-A891-43BBDBBA55BC}.Ad-Hoc|x86.Build.0 = Release|x86
		{CE449BA4-E844-4473-A891-43BBDBBA55BC}.Ad-Hoc|x86.Deploy.0 = Release|x86
		{CE449BA4-E844-4473-A891-43BBDBBA55BC}.AppStore|Any CPU.ActiveCfg = Release|x86
		{CE449BA4-E844-4473-A891-43BBDBBA55BC}.AppStore|Any CPU.Build.0 = Release|x86
		{CE449BA4-E844-4473-A891-43BBDBBA55BC}.AppStore|Any CPU.Deploy.0 = Release|x86
		{CE449BA4-E844-4473-A891-43BBDBBA55BC}.AppStore|ARM.ActiveCfg = Release|ARM
		{CE449BA4-E844-4473-A891-43BBDBBA55BC}.AppStore|ARM.Build.0 = Release|ARM
		{CE449BA4-E844-4473-A891-43BBDBBA55BC}.AppStore|ARM.Deploy.0 = Release|ARM
		{CE449BA4-E844-4473-A891-43BBDBBA55BC}.AppStore|iPhone.ActiveCfg = Release|x86
		{CE449BA4-E844-4473-A891-43BBDBBA55BC}.AppStore|iPhone.Build.0 = Release|x86
		{CE449BA4-E844-4473-A891-43BBDBBA55BC}.AppStore|iPhone.Deploy.0 = Release|x86
		{CE449BA4-E844-4473-A891-43BBDBBA55BC}.AppStore|iPhoneSimulator.ActiveCfg = Release|x86
		{CE449BA4-E844-4473-A891-43BBDBBA55BC}.AppStore|iPhoneSimulator.Build.0 = Release|x86
		{CE449BA4-E844-4473-A891-43BBDBBA55BC}.AppStore|iPhoneSimulator.Deploy.0 = Release|x86
		{CE449BA4-E844-4473-A891-43BBDBBA55BC}.AppStore|x64.ActiveCfg = Release|x64
		{CE449BA4-E844-4473-A891-43BBDBBA55BC}.AppStore|x64.Build.0 = Release|x64
		{CE449BA4-E844-4473-A891-43BBDBBA55BC}.AppStore|x64.Deploy.0 = Release|x64
		{CE449BA4-E844-4473-A891-43BBDBBA55BC}.AppStore|x86.ActiveCfg = Release|x86
		{CE449BA4-E844-4473-A891-43BBDBBA55BC}.AppStore|x86.Build.0 = Release|x86
		{CE449BA4-E844-4473-A891-43BBDBBA55BC}.AppStore|x86.Deploy.0 = Release|x86
		{CE449BA4-E844-4473-A891-43BBDBBA55BC}.Debug|Any CPU.ActiveCfg = Debug|x86
		{CE449BA4-E844-4473-A891-43BBDBBA55BC}.Debug|ARM.ActiveCfg = Debug|ARM
		{CE449BA4-E844-4473-A891-43BBDBBA55BC}.Debug|ARM.Build.0 = Debug|ARM
		{CE449BA4-E844-4473-A891-43BBDBBA55BC}.Debug|ARM.Deploy.0 = Debug|ARM
		{CE449BA4-E844-4473-A891-43BBDBBA55BC}.Debug|iPhone.ActiveCfg = Debug|x86
		{CE449BA4-E844-4473-A891-43BBDBBA55BC}.Debug|iPhoneSimulator.ActiveCfg = Debug|x86
		{CE449BA4-E844-4473-A891-43BBDBBA55BC}.Debug|x64.ActiveCfg = Debug|x64
		{CE449BA4-E844-4473-A891-43BBDBBA55BC}.Debug|x64.Build.0 = Debug|x64
		{CE449BA4-E844-4473-A891-43BBDBBA55BC}.Debug|x64.Deploy.0 = Debug|x64
		{CE449BA4-E844-4473-A891-43BBDBBA55BC}.Debug|x86.ActiveCfg = Debug|x86
		{CE449BA4-E844-4473-A891-43BBDBBA55BC}.Debug|x86.Build.0 = Debug|x86
		{CE449BA4-E844-4473-A891-43BBDBBA55BC}.Debug|x86.Deploy.0 = Debug|x86
		{CE449BA4-E844-4473-A891-43BBDBBA55BC}.Release|Any CPU.ActiveCfg = Release|x86
		{CE449BA4-E844-4473-A891-43BBDBBA55BC}.Release|ARM.ActiveCfg = Release|ARM
		{CE449BA4-E844-4473-A891-43BBDBBA55BC}.Release|ARM.Build.0 = Release|ARM
		{CE449BA4-E844-4473-A891-43BBDBBA55BC}.Release|ARM.Deploy.0 = Release|ARM
		{CE449BA4-E844-4473-A891-43BBDBBA55BC}.Release|iPhone.ActiveCfg = Release|x86
		{CE449BA4-E844-4473-A891-43BBDBBA55BC}.Release|iPhoneSimulator.ActiveCfg = Release|x86
		{CE449BA4-E844-4473-A891-43BBDBBA55BC}.Release|x64.ActiveCfg = Release|x64
		{CE449BA4-E844-4473-A891-43BBDBBA55BC}.Release|x64.Build.0 = Release|x64
		{CE449BA4-E844-4473-A891-43BBDBBA55BC}.Release|x64.Deploy.0 = Release|x64
		{CE449BA4-E844-4473-A891-43BBDBBA55BC}.Release|x86.ActiveCfg = Release|x86
		{CE449BA4-E844-4473-A891-43BBDBBA55BC}.Release|x86.Build.0 = Release|x86
		{CE449BA4-E844-4473-A891-43BBDBBA55BC}.Release|x86.Deploy.0 = Release|x86
		{E8231141-4775-44C2-90DD-A473E07DBD3A}.Ad-Hoc|Any CPU.ActiveCfg = Release|Any CPU
		{E8231141-4775-44C2-90DD-A473E07DBD3A}.Ad-Hoc|Any CPU.Build.0 = Release|Any CPU
		{E8231141-4775-44C2-90DD-A473E07DBD3A}.Ad-Hoc|ARM.ActiveCfg = Release|Any CPU
		{E8231141-4775-44C2-90DD-A473E07DBD3A}.Ad-Hoc|ARM.Build.0 = Release|Any CPU
		{E8231141-4775-44C2-90DD-A473E07DBD3A}.Ad-Hoc|iPhone.ActiveCfg = Release|Any CPU
		{E8231141-4775-44C2-90DD-A473E07DBD3A}.Ad-Hoc|iPhone.Build.0 = Release|Any CPU
		{E8231141-4775-44C2-90DD-A473E07DBD3A}.Ad-Hoc|iPhoneSimulator.ActiveCfg = Release|Any CPU
		{E8231141-4775-44C2-90DD-A473E07DBD3A}.Ad-Hoc|iPhoneSimulator.Build.0 = Release|Any CPU
		{E8231141-4775-44C2-90DD-A473E07DBD3A}.Ad-Hoc|x64.ActiveCfg = Release|Any CPU
		{E8231141-4775-44C2-90DD-A473E07DBD3A}.Ad-Hoc|x64.Build.0 = Release|Any CPU
		{E8231141-4775-44C2-90DD-A473E07DBD3A}.Ad-Hoc|x86.ActiveCfg = Release|Any CPU
		{E8231141-4775-44C2-90DD-A473E07DBD3A}.Ad-Hoc|x86.Build.0 = Release|Any CPU
		{E8231141-4775-44C2-90DD-A473E07DBD3A}.AppStore|Any CPU.ActiveCfg = Release|Any CPU
		{E8231141-4775-44C2-90DD-A473E07DBD3A}.AppStore|Any CPU.Build.0 = Release|Any CPU
		{E8231141-4775-44C2-90DD-A473E07DBD3A}.AppStore|ARM.ActiveCfg = Release|Any CPU
		{E8231141-4775-44C2-90DD-A473E07DBD3A}.AppStore|ARM.Build.0 = Release|Any CPU
		{E8231141-4775-44C2-90DD-A473E07DBD3A}.AppStore|iPhone.ActiveCfg = Release|Any CPU
		{E8231141-4775-44C2-90DD-A473E07DBD3A}.AppStore|iPhone.Build.0 = Release|Any CPU
		{E8231141-4775-44C2-90DD-A473E07DBD3A}.AppStore|iPhoneSimulator.ActiveCfg = Release|Any CPU
		{E8231141-4775-44C2-90DD-A473E07DBD3A}.AppStore|iPhoneSimulator.Build.0 = Release|Any CPU
		{E8231141-4775-44C2-90DD-A473E07DBD3A}.AppStore|x64.ActiveCfg = Release|Any CPU
		{E8231141-4775-44C2-90DD-A473E07DBD3A}.AppStore|x64.Build.0 = Release|Any CPU
		{E8231141-4775-44C2-90DD-A473E07DBD3A}.AppStore|x86.ActiveCfg = Release|Any CPU
		{E8231141-4775-44C2-90DD-A473E07DBD3A}.AppStore|x86.Build.0 = Release|Any CPU
		{E8231141-4775-44C2-90DD-A473E07DBD3A}.Debug|Any CPU.ActiveCfg = Debug|Any CPU
		{E8231141-4775-44C2-90DD-A473E07DBD3A}.Debug|Any CPU.Build.0 = Debug|Any CPU
		{E8231141-4775-44C2-90DD-A473E07DBD3A}.Debug|ARM.ActiveCfg = Debug|Any CPU
		{E8231141-4775-44C2-90DD-A473E07DBD3A}.Debug|ARM.Build.0 = Debug|Any CPU
		{E8231141-4775-44C2-90DD-A473E07DBD3A}.Debug|iPhone.ActiveCfg = Debug|Any CPU
		{E8231141-4775-44C2-90DD-A473E07DBD3A}.Debug|iPhone.Build.0 = Debug|Any CPU
		{E8231141-4775-44C2-90DD-A473E07DBD3A}.Debug|iPhoneSimulator.ActiveCfg = Debug|Any CPU
		{E8231141-4775-44C2-90DD-A473E07DBD3A}.Debug|iPhoneSimulator.Build.0 = Debug|Any CPU
		{E8231141-4775-44C2-90DD-A473E07DBD3A}.Debug|x64.ActiveCfg = Debug|Any CPU
		{E8231141-4775-44C2-90DD-A473E07DBD3A}.Debug|x64.Build.0 = Debug|Any CPU
		{E8231141-4775-44C2-90DD-A473E07DBD3A}.Debug|x86.ActiveCfg = Debug|Any CPU
		{E8231141-4775-44C2-90DD-A473E07DBD3A}.Debug|x86.Build.0 = Debug|Any CPU
		{E8231141-4775-44C2-90DD-A473E07DBD3A}.Release|Any CPU.ActiveCfg = Release|Any CPU
		{E8231141-4775-44C2-90DD-A473E07DBD3A}.Release|Any CPU.Build.0 = Release|Any CPU
		{E8231141-4775-44C2-90DD-A473E07DBD3A}.Release|ARM.ActiveCfg = Release|Any CPU
		{E8231141-4775-44C2-90DD-A473E07DBD3A}.Release|ARM.Build.0 = Release|Any CPU
		{E8231141-4775-44C2-90DD-A473E07DBD3A}.Release|iPhone.ActiveCfg = Release|Any CPU
		{E8231141-4775-44C2-90DD-A473E07DBD3A}.Release|iPhone.Build.0 = Release|Any CPU
		{E8231141-4775-44C2-90DD-A473E07DBD3A}.Release|iPhoneSimulator.ActiveCfg = Release|Any CPU
		{E8231141-4775-44C2-90DD-A473E07DBD3A}.Release|iPhoneSimulator.Build.0 = Release|Any CPU
		{E8231141-4775-44C2-90DD-A473E07DBD3A}.Release|x64.ActiveCfg = Release|Any CPU
		{E8231141-4775-44C2-90DD-A473E07DBD3A}.Release|x64.Build.0 = Release|Any CPU
		{E8231141-4775-44C2-90DD-A473E07DBD3A}.Release|x86.ActiveCfg = Release|Any CPU
		{E8231141-4775-44C2-90DD-A473E07DBD3A}.Release|x86.Build.0 = Release|Any CPU
	EndGlobalSection
	GlobalSection(SolutionProperties) = preSolution
		HideSolutionNode = FALSE
	EndGlobalSection
	GlobalSection(NestedProjects) = preSolution
		{E8231141-4775-44C2-90DD-A473E07DBD3A} = {F9A82A0E-18B4-47CC-B3D7-20690F26C979}
	EndGlobalSection
EndGlobal
